// !$*UTF8*$!
{
	archiveVersion = 1;
	classes = {
	};
	objectVersion = 46;
	objects = {

/* Begin PBXBuildFile section */
		383DCA491D7FA71200140999 /* AppDelegate.swift in Sources */ = {isa = PBXBuildFile; fileRef = 383DCA481D7FA71200140999 /* AppDelegate.swift */; };
		383DCA4B1D7FA71200140999 /* ViewController.swift in Sources */ = {isa = PBXBuildFile; fileRef = 383DCA4A1D7FA71200140999 /* ViewController.swift */; };
		383DCA4E1D7FA71200140999 /* Main.storyboard in Resources */ = {isa = PBXBuildFile; fileRef = 383DCA4C1D7FA71200140999 /* Main.storyboard */; };
		383DCA511D7FA71200140999 /* JKSpiderChartLibrary.xcdatamodeld in Sources */ = {isa = PBXBuildFile; fileRef = 383DCA4F1D7FA71200140999 /* JKSpiderChartLibrary.xcdatamodeld */; };
		383DCA531D7FA71200140999 /* Assets.xcassets in Resources */ = {isa = PBXBuildFile; fileRef = 383DCA521D7FA71200140999 /* Assets.xcassets */; };
		383DCA561D7FA71200140999 /* LaunchScreen.storyboard in Resources */ = {isa = PBXBuildFile; fileRef = 383DCA541D7FA71200140999 /* LaunchScreen.storyboard */; };
		383DCA611D7FA71200140999 /* JKSpiderChartLibraryTests.swift in Sources */ = {isa = PBXBuildFile; fileRef = 383DCA601D7FA71200140999 /* JKSpiderChartLibraryTests.swift */; };
/* End PBXBuildFile section */

/* Begin PBXContainerItemProxy section */
		383DCA5D1D7FA71200140999 /* PBXContainerItemProxy */ = {
			isa = PBXContainerItemProxy;
			containerPortal = 383DCA3D1D7FA71200140999 /* Project object */;
			proxyType = 1;
			remoteGlobalIDString = 383DCA441D7FA71200140999;
			remoteInfo = JKSpiderChartLibrary;
		};
/* End PBXContainerItemProxy section */

/* Begin PBXFileReference section */
		383DCA451D7FA71200140999 /* JKSpiderChartLibrary.app */ = {isa = PBXFileReference; explicitFileType = wrapper.application; includeInIndex = 0; path = JKSpiderChartLibrary.app; sourceTree = BUILT_PRODUCTS_DIR; };
		383DCA481D7FA71200140999 /* AppDelegate.swift */ = {isa = PBXFileReference; lastKnownFileType = sourcecode.swift; path = AppDelegate.swift; sourceTree = "<group>"; };
		383DCA4A1D7FA71200140999 /* ViewController.swift */ = {isa = PBXFileReference; lastKnownFileType = sourcecode.swift; path = ViewController.swift; sourceTree = "<group>"; };
		383DCA4D1D7FA71200140999 /* Base */ = {isa = PBXFileReference; lastKnownFileType = file.storyboard; name = Base; path = Base.lproj/Main.storyboard; sourceTree = "<group>"; };
		383DCA501D7FA71200140999 /* JKSpiderChartLibrary.xcdatamodel */ = {isa = PBXFileReference; lastKnownFileType = wrapper.xcdatamodel; path = JKSpiderChartLibrary.xcdatamodel; sourceTree = "<group>"; };
		383DCA521D7FA71200140999 /* Assets.xcassets */ = {isa = PBXFileReference; lastKnownFileType = folder.assetcatalog; path = Assets.xcassets; sourceTree = "<group>"; };
		383DCA551D7FA71200140999 /* Base */ = {isa = PBXFileReference; lastKnownFileType = file.storyboard; name = Base; path = Base.lproj/LaunchScreen.storyboard; sourceTree = "<group>"; };
		383DCA571D7FA71200140999 /* Info.plist */ = {isa = PBXFileReference; lastKnownFileType = text.plist.xml; path = Info.plist; sourceTree = "<group>"; };
		383DCA5C1D7FA71200140999 /* JKSpiderChartLibraryTests.xctest */ = {isa = PBXFileReference; explicitFileType = wrapper.cfbundle; includeInIndex = 0; path = JKSpiderChartLibraryTests.xctest; sourceTree = BUILT_PRODUCTS_DIR; };
		383DCA601D7FA71200140999 /* JKSpiderChartLibraryTests.swift */ = {isa = PBXFileReference; lastKnownFileType = sourcecode.swift; path = JKSpiderChartLibraryTests.swift; sourceTree = "<group>"; };
		383DCA621D7FA71200140999 /* Info.plist */ = {isa = PBXFileReference; lastKnownFileType = text.plist.xml; path = Info.plist; sourceTree = "<group>"; };
/* End PBXFileReference section */

/* Begin PBXFrameworksBuildPhase section */
		383DCA421D7FA71200140999 /* Frameworks */ = {
			isa = PBXFrameworksBuildPhase;
			buildActionMask = 2147483647;
			files = (
			);
			runOnlyForDeploymentPostprocessing = 0;
		};
		383DCA591D7FA71200140999 /* Frameworks */ = {
			isa = PBXFrameworksBuildPhase;
			buildActionMask = 2147483647;
			files = (
			);
			runOnlyForDeploymentPostprocessing = 0;
		};
/* End PBXFrameworksBuildPhase section */

/* Begin PBXGroup section */
		383DCA3C1D7FA71200140999 = {
			isa = PBXGroup;
			children = (
				383DCA471D7FA71200140999 /* JKSpiderChartLibrary */,
				383DCA5F1D7FA71200140999 /* JKSpiderChartLibraryTests */,
				383DCA461D7FA71200140999 /* Products */,
			);
			sourceTree = "<group>";
		};
		383DCA461D7FA71200140999 /* Products */ = {
			isa = PBXGroup;
			children = (
				383DCA451D7FA71200140999 /* JKSpiderChartLibrary.app */,
				383DCA5C1D7FA71200140999 /* JKSpiderChartLibraryTests.xctest */,
			);
			name = Products;
			sourceTree = "<group>";
		};
		383DCA471D7FA71200140999 /* JKSpiderChartLibrary */ = {
			isa = PBXGroup;
			children = (
				383DCA481D7FA71200140999 /* AppDelegate.swift */,
				383DCA4A1D7FA71200140999 /* ViewController.swift */,
				383DCA4C1D7FA71200140999 /* Main.storyboard */,
				383DCA521D7FA71200140999 /* Assets.xcassets */,
				383DCA541D7FA71200140999 /* LaunchScreen.storyboard */,
				383DCA571D7FA71200140999 /* Info.plist */,
				383DCA4F1D7FA71200140999 /* JKSpiderChartLibrary.xcdatamodeld */,
			);
			path = JKSpiderChartLibrary;
			sourceTree = "<group>";
		};
		383DCA5F1D7FA71200140999 /* JKSpiderChartLibraryTests */ = {
			isa = PBXGroup;
			children = (
				383DCA601D7FA71200140999 /* JKSpiderChartLibraryTests.swift */,
				383DCA621D7FA71200140999 /* Info.plist */,
			);
			path = JKSpiderChartLibraryTests;
			sourceTree = "<group>";
		};
/* End PBXGroup section */

/* Begin PBXNativeTarget section */
		383DCA441D7FA71200140999 /* JKSpiderChartLibrary */ = {
			isa = PBXNativeTarget;
			buildConfigurationList = 383DCA651D7FA71200140999 /* Build configuration list for PBXNativeTarget "JKSpiderChartLibrary" */;
			buildPhases = (
				383DCA411D7FA71200140999 /* Sources */,
				383DCA421D7FA71200140999 /* Frameworks */,
				383DCA431D7FA71200140999 /* Resources */,
			);
			buildRules = (
			);
			dependencies = (
			);
			name = JKSpiderChartLibrary;
			productName = JKSpiderChartLibrary;
			productReference = 383DCA451D7FA71200140999 /* JKSpiderChartLibrary.app */;
			productType = "com.apple.product-type.application";
		};
		383DCA5B1D7FA71200140999 /* JKSpiderChartLibraryTests */ = {
			isa = PBXNativeTarget;
			buildConfigurationList = 383DCA681D7FA71200140999 /* Build configuration list for PBXNativeTarget "JKSpiderChartLibraryTests" */;
			buildPhases = (
				383DCA581D7FA71200140999 /* Sources */,
				383DCA591D7FA71200140999 /* Frameworks */,
				383DCA5A1D7FA71200140999 /* Resources */,
			);
			buildRules = (
			);
			dependencies = (
				383DCA5E1D7FA71200140999 /* PBXTargetDependency */,
			);
			name = JKSpiderChartLibraryTests;
			productName = JKSpiderChartLibraryTests;
			productReference = 383DCA5C1D7FA71200140999 /* JKSpiderChartLibraryTests.xctest */;
			productType = "com.apple.product-type.bundle.unit-test";
		};
/* End PBXNativeTarget section */

/* Begin PBXProject section */
		383DCA3D1D7FA71200140999 /* Project object */ = {
			isa = PBXProject;
			attributes = {
				LastSwiftUpdateCheck = 0730;
				LastUpgradeCheck = 0730;
				ORGANIZATIONNAME = "Jayesh Kawli Backup";
				TargetAttributes = {
					383DCA441D7FA71200140999 = {
						CreatedOnToolsVersion = 7.3.1;
					};
					383DCA5B1D7FA71200140999 = {
						CreatedOnToolsVersion = 7.3.1;
						TestTargetID = 383DCA441D7FA71200140999;
					};
				};
			};
			buildConfigurationList = 383DCA401D7FA71200140999 /* Build configuration list for PBXProject "JKSpiderChartLibrary" */;
			compatibilityVersion = "Xcode 3.2";
			developmentRegion = English;
			hasScannedForEncodings = 0;
			knownRegions = (
				en,
				Base,
			);
			mainGroup = 383DCA3C1D7FA71200140999;
			productRefGroup = 383DCA461D7FA71200140999 /* Products */;
			projectDirPath = "";
			projectRoot = "";
			targets = (
				383DCA441D7FA71200140999 /* JKSpiderChartLibrary */,
				383DCA5B1D7FA71200140999 /* JKSpiderChartLibraryTests */,
			);
		};
/* End PBXProject section */

/* Begin PBXResourcesBuildPhase section */
		383DCA431D7FA71200140999 /* Resources */ = {
			isa = PBXResourcesBuildPhase;
			buildActionMask = 2147483647;
			files = (
				383DCA561D7FA71200140999 /* LaunchScreen.storyboard in Resources */,
				383DCA531D7FA71200140999 /* Assets.xcassets in Resources */,
				383DCA4E1D7FA71200140999 /* Main.storyboard in Resources */,
			);
			runOnlyForDeploymentPostprocessing = 0;
		};
		383DCA5A1D7FA71200140999 /* Resources */ = {
			isa = PBXResourcesBuildPhase;
			buildActionMask = 2147483647;
			files = (
			);
			runOnlyForDeploymentPostprocessing = 0;
		};
/* End PBXResourcesBuildPhase section */

/* Begin PBXSourcesBuildPhase section */
		383DCA411D7FA71200140999 /* Sources */ = {
			isa = PBXSourcesBuildPhase;
			buildActionMask = 2147483647;
			files = (
				383DCA4B1D7FA71200140999 /* ViewController.swift in Sources */,
				383DCA511D7FA71200140999 /* JKSpiderChartLibrary.xcdatamodeld in Sources */,
				383DCA491D7FA71200140999 /* AppDelegate.swift in Sources */,
			);
			runOnlyForDeploymentPostprocessing = 0;
		};
		383DCA581D7FA71200140999 /* Sources */ = {
			isa = PBXSourcesBuildPhase;
			buildActionMask = 2147483647;
			files = (
				383DCA611D7FA71200140999 /* JKSpiderChartLibraryTests.swift in Sources */,
			);
			runOnlyForDeploymentPostprocessing = 0;
		};
/* End PBXSourcesBuildPhase section */

/* Begin PBXTargetDependency section */
		383DCA5E1D7FA71200140999 /* PBXTargetDependency */ = {
			isa = PBXTargetDependency;
			target = 383DCA441D7FA71200140999 /* JKSpiderChartLibrary */;
			targetProxy = 383DCA5D1D7FA71200140999 /* PBXContainerItemProxy */;
		};
/* End PBXTargetDependency section */

/* Begin PBXVariantGroup section */
		383DCA4C1D7FA71200140999 /* Main.storyboard */ = {
			isa = PBXVariantGroup;
			children = (
				383DCA4D1D7FA71200140999 /* Base */,
			);
			name = Main.storyboard;
			sourceTree = "<group>";
		};
		383DCA541D7FA71200140999 /* LaunchScreen.storyboard */ = {
			isa = PBXVariantGroup;
			children = (
				383DCA551D7FA71200140999 /* Base */,
			);
			name = LaunchScreen.storyboard;
			sourceTree = "<group>";
		};
/* End PBXVariantGroup section */

/* Begin XCBuildConfiguration section */
		383DCA631D7FA71200140999 /* Debug */ = {
			isa = XCBuildConfiguration;
			buildSettings = {
				ALWAYS_SEARCH_USER_PATHS = NO;
				CLANG_ANALYZER_NONNULL = YES;
				CLANG_CXX_LANGUAGE_STANDARD = "gnu++0x";
				CLANG_CXX_LIBRARY = "libc++";
				CLANG_ENABLE_MODULES = YES;
				CLANG_ENABLE_OBJC_ARC = YES;
				CLANG_WARN_BOOL_CONVERSION = YES;
				CLANG_WARN_CONSTANT_CONVERSION = YES;
				CLANG_WARN_DIRECT_OBJC_ISA_USAGE = YES_ERROR;
				CLANG_WARN_EMPTY_BODY = YES;
				CLANG_WARN_ENUM_CONVERSION = YES;
				CLANG_WARN_INT_CONVERSION = YES;
				CLANG_WARN_OBJC_ROOT_CLASS = YES_ERROR;
				CLANG_WARN_UNREACHABLE_CODE = YES;
				CLANG_WARN__DUPLICATE_METHOD_MATCH = YES;
				"CODE_SIGN_IDENTITY[sdk=iphoneos*]" = "iPhone Developer";
				COPY_PHASE_STRIP = NO;
				DEBUG_INFORMATION_FORMAT = dwarf;
				ENABLE_STRICT_OBJC_MSGSEND = YES;
				ENABLE_TESTABILITY = YES;
				GCC_C_LANGUAGE_STANDARD = gnu99;
				GCC_DYNAMIC_NO_PIC = NO;
				GCC_NO_COMMON_BLOCKS = YES;
				GCC_OPTIMIZATION_LEVEL = 0;
				GCC_PREPROCESSOR_DEFINITIONS = (
					"DEBUG=1",
					"$(inherited)",
				);
				GCC_WARN_64_TO_32_BIT_CONVERSION = YES;
				GCC_WARN_ABOUT_RETURN_TYPE = YES_ERROR;
				GCC_WARN_UNDECLARED_SELECTOR = YES;
				GCC_WARN_UNINITIALIZED_AUTOS = YES_AGGRESSIVE;
				GCC_WARN_UNUSED_FUNCTION = YES;
				GCC_WARN_UNUSED_VARIABLE = YES;
				IPHONEOS_DEPLOYMENT_TARGET = 9.3;
				MTL_ENABLE_DEBUG_INFO = YES;
				ONLY_ACTIVE_ARCH = YES;
				SDKROOT = iphoneos;
				SWIFT_OPTIMIZATION_LEVEL = "-Onone";
				TARGETED_DEVICE_FAMILY = "1,2";
			};
			name = Debug;
		};
		383DCA641D7FA71200140999 /* Release */ = {
			isa = XCBuildConfiguration;
			buildSettings = {
				ALWAYS_SEARCH_USER_PATHS = NO;
				CLANG_ANALYZER_NONNULL = YES;
				CLANG_CXX_LANGUAGE_STANDARD = "gnu++0x";
				CLANG_CXX_LIBRARY = "libc++";
				CLANG_ENABLE_MODULES = YES;
				CLANG_ENABLE_OBJC_ARC = YES;
				CLANG_WARN_BOOL_CONVERSION = YES;
				CLANG_WARN_CONSTANT_CONVERSION = YES;
				CLANG_WARN_DIRECT_OBJC_ISA_USAGE = YES_ERROR;
				CLANG_WARN_EMPTY_BODY = YES;
				CLANG_WARN_ENUM_CONVERSION = YES;
				CLANG_WARN_INT_CONVERSION = YES;
				CLANG_WARN_OBJC_ROOT_CLASS = YES_ERROR;
				CLANG_WARN_UNREACHABLE_CODE = YES;
				CLANG_WARN__DUPLICATE_METHOD_MATCH = YES;
				"CODE_SIGN_IDENTITY[sdk=iphoneos*]" = "iPhone Developer";
				COPY_PHASE_STRIP = NO;
				DEBUG_INFORMATION_FORMAT = "dwarf-with-dsym";
				ENABLE_NS_ASSERTIONS = NO;
				ENABLE_STRICT_OBJC_MSGSEND = YES;
				GCC_C_LANGUAGE_STANDARD = gnu99;
				GCC_NO_COMMON_BLOCKS = YES;
				GCC_WARN_64_TO_32_BIT_CONVERSION = YES;
				GCC_WARN_ABOUT_RETURN_TYPE = YES_ERROR;
				GCC_WARN_UNDECLARED_SELECTOR = YES;
				GCC_WARN_UNINITIALIZED_AUTOS = YES_AGGRESSIVE;
				GCC_WARN_UNUSED_FUNCTION = YES;
				GCC_WARN_UNUSED_VARIABLE = YES;
				IPHONEOS_DEPLOYMENT_TARGET = 9.3;
				MTL_ENABLE_DEBUG_INFO = NO;
				SDKROOT = iphoneos;
				TARGETED_DEVICE_FAMILY = "1,2";
				VALIDATE_PRODUCT = YES;
			};
			name = Release;
		};
		383DCA661D7FA71200140999 /* Debug */ = {
			isa = XCBuildConfiguration;
			buildSettings = {
				ASSETCATALOG_COMPILER_APPICON_NAME = AppIcon;
				INFOPLIST_FILE = JKSpiderChartLibrary/Info.plist;
				LD_RUNPATH_SEARCH_PATHS = "$(inherited) @executable_path/Frameworks";
				PRODUCT_BUNDLE_IDENTIFIER = com.jayeshKawli.JKSpiderChartLibrary;
				PRODUCT_NAME = "$(TARGET_NAME)";
			};
			name = Debug;
		};
		383DCA671D7FA71200140999 /* Release */ = {
			isa = XCBuildConfiguration;
			buildSettings = {
				ASSETCATALOG_COMPILER_APPICON_NAME = AppIcon;
				INFOPLIST_FILE = JKSpiderChartLibrary/Info.plist;
				LD_RUNPATH_SEARCH_PATHS = "$(inherited) @executable_path/Frameworks";
				PRODUCT_BUNDLE_IDENTIFIER = com.jayeshKawli.JKSpiderChartLibrary;
				PRODUCT_NAME = "$(TARGET_NAME)";
			};
			name = Release;
		};
		383DCA691D7FA71200140999 /* Debug */ = {
			isa = XCBuildConfiguration;
			buildSettings = {
				BUNDLE_LOADER = "$(TEST_HOST)";
				INFOPLIST_FILE = JKSpiderChartLibraryTests/Info.plist;
				LD_RUNPATH_SEARCH_PATHS = "$(inherited) @executable_path/Frameworks @loader_path/Frameworks";
				PRODUCT_BUNDLE_IDENTIFIER = com.jayeshKawli.JKSpiderChartLibraryTests;
				PRODUCT_NAME = "$(TARGET_NAME)";
				TEST_HOST = "$(BUILT_PRODUCTS_DIR)/JKSpiderChartLibrary.app/JKSpiderChartLibrary";
			};
			name = Debug;
		};
		383DCA6A1D7FA71200140999 /* Release */ = {
			isa = XCBuildConfiguration;
			buildSettings = {
				BUNDLE_LOADER = "$(TEST_HOST)";
				INFOPLIST_FILE = JKSpiderChartLibraryTests/Info.plist;
				LD_RUNPATH_SEARCH_PATHS = "$(inherited) @executable_path/Frameworks @loader_path/Frameworks";
				PRODUCT_BUNDLE_IDENTIFIER = com.jayeshKawli.JKSpiderChartLibraryTests;
				PRODUCT_NAME = "$(TARGET_NAME)";
				TEST_HOST = "$(BUILT_PRODUCTS_DIR)/JKSpiderChartLibrary.app/JKSpiderChartLibrary";
			};
			name = Release;
		};
/* End XCBuildConfiguration section */

/* Begin XCConfigurationList section */
		383DCA401D7FA71200140999 /* Build configuration list for PBXProject "JKSpiderChartLibrary" */ = {
			isa = XCConfigurationList;
			buildConfigurations = (
				383DCA631D7FA71200140999 /* Debug */,
				383DCA641D7FA71200140999 /* Release */,
			);
			defaultConfigurationIsVisible = 0;
			defaultConfigurationName = Release;
		};
		383DCA651D7FA71200140999 /* Build configuration list for PBXNativeTarget "JKSpiderChartLibrary" */ = {
			isa = XCConfigurationList;
			buildConfigurations = (
				383DCA661D7FA71200140999 /* Debug */,
				383DCA671D7FA71200140999 /* Release */,
			);
			defaultConfigurationIsVisible = 0;
		};
		383DCA681D7FA71200140999 /* Build configuration list for PBXNativeTarget "JKSpiderChartLibraryTests" */ = {
			isa = XCConfigurationList;
			buildConfigurations = (
				383DCA691D7FA71200140999 /* Debug */,
				383DCA6A1D7FA71200140999 /* Release */,
			);
			defaultConfigurationIsVisible = 0;
		};
/* End XCConfigurationList section */

/* Begin XCVersionGroup section */
		383DCA4F1D7FA71200140999 /* JKSpiderChartLibrary.xcdatamodeld */ = {
			isa = XCVersionGroup;
			children = (
				383DCA501D7FA71200140999 /* JKSpiderChartLibrary.xcdatamodel */,
			);
			currentVersion = 383DCA501D7FA71200140999 /* JKSpiderChartLibrary.xcdatamodel */;
			path = JKSpiderChartLibrary.xcdatamodeld;
			sourceTree = "<group>";
			versionGroupType = wrapper.xcdatamodel;
		};
/* End XCVersionGroup section */
	};
	rootObject = 383DCA3D1D7FA71200140999 /* Project object */;
}
